// !$*UTF8*$!
{
	archiveVersion = 1;
	classes = {
	};
	objectVersion = 56;
	objects = {

/* Begin PBXBuildFile section */
		637308452ABF220E004B6A6F /* guess_it_tempApp.swift in Sources */ = {isa = PBXBuildFile; fileRef = 637308442ABF220E004B6A6F /* guess_it_tempApp.swift */; };
		637308472ABF220E004B6A6F /* ContentView.swift in Sources */ = {isa = PBXBuildFile; fileRef = 637308462ABF220E004B6A6F /* ContentView.swift */; };
		637308492ABF220F004B6A6F /* Assets.xcassets in Resources */ = {isa = PBXBuildFile; fileRef = 637308482ABF220F004B6A6F /* Assets.xcassets */; };
		6373084D2ABF220F004B6A6F /* Preview Assets.xcassets in Resources */ = {isa = PBXBuildFile; fileRef = 6373084C2ABF220F004B6A6F /* Preview Assets.xcassets */; };
		637308572ABF220F004B6A6F /* guess_it_tempTests.swift in Sources */ = {isa = PBXBuildFile; fileRef = 637308562ABF220F004B6A6F /* guess_it_tempTests.swift */; };
		637308612ABF220F004B6A6F /* guess_it_tempUITests.swift in Sources */ = {isa = PBXBuildFile; fileRef = 637308602ABF220F004B6A6F /* guess_it_tempUITests.swift */; };
		637308632ABF220F004B6A6F /* guess_it_tempUITestsLaunchTests.swift in Sources */ = {isa = PBXBuildFile; fileRef = 637308622ABF220F004B6A6F /* guess_it_tempUITestsLaunchTests.swift */; };
/* End PBXBuildFile section */

/* Begin PBXContainerItemProxy section */
		637308532ABF220F004B6A6F /* PBXContainerItemProxy */ = {
			isa = PBXContainerItemProxy;
			containerPortal = 637308392ABF220E004B6A6F /* Project object */;
			proxyType = 1;
			remoteGlobalIDString = 637308402ABF220E004B6A6F;
			remoteInfo = "guess it temp";
		};
		6373085D2ABF220F004B6A6F /* PBXContainerItemProxy */ = {
			isa = PBXContainerItemProxy;
			containerPortal = 637308392ABF220E004B6A6F /* Project object */;
			proxyType = 1;
			remoteGlobalIDString = 637308402ABF220E004B6A6F;
			remoteInfo = "guess it temp";
		};
/* End PBXContainerItemProxy section */

/* Begin PBXFileReference section */
		637308412ABF220E004B6A6F /* guess it temp.app */ = {isa = PBXFileReference; explicitFileType = wrapper.application; includeInIndex = 0; path = "guess it temp.app"; sourceTree = BUILT_PRODUCTS_DIR; };
		637308442ABF220E004B6A6F /* guess_it_tempApp.swift */ = {isa = PBXFileReference; lastKnownFileType = sourcecode.swift; path = guess_it_tempApp.swift; sourceTree = "<group>"; };
		637308462ABF220E004B6A6F /* ContentView.swift */ = {isa = PBXFileReference; lastKnownFileType = sourcecode.swift; path = ContentView.swift; sourceTree = "<group>"; };
		637308482ABF220F004B6A6F /* Assets.xcassets */ = {isa = PBXFileReference; lastKnownFileType = folder.assetcatalog; path = Assets.xcassets; sourceTree = "<group>"; };
		6373084A2ABF220F004B6A6F /* guess_it_temp.entitlements */ = {isa = PBXFileReference; lastKnownFileType = text.plist.entitlements; path = guess_it_temp.entitlements; sourceTree = "<group>"; };
		6373084C2ABF220F004B6A6F /* Preview Assets.xcassets */ = {isa = PBXFileReference; lastKnownFileType = folder.assetcatalog; path = "Preview Assets.xcassets"; sourceTree = "<group>"; };
		637308522ABF220F004B6A6F /* guess it tempTests.xctest */ = {isa = PBXFileReference; explicitFileType = wrapper.cfbundle; includeInIndex = 0; path = "guess it tempTests.xctest"; sourceTree = BUILT_PRODUCTS_DIR; };
		637308562ABF220F004B6A6F /* guess_it_tempTests.swift */ = {isa = PBXFileReference; lastKnownFileType = sourcecode.swift; path = guess_it_tempTests.swift; sourceTree = "<group>"; };
		6373085C2ABF220F004B6A6F /* guess it tempUITests.xctest */ = {isa = PBXFileReference; explicitFileType = wrapper.cfbundle; includeInIndex = 0; path = "guess it tempUITests.xctest"; sourceTree = BUILT_PRODUCTS_DIR; };
		637308602ABF220F004B6A6F /* guess_it_tempUITests.swift */ = {isa = PBXFileReference; lastKnownFileType = sourcecode.swift; path = guess_it_tempUITests.swift; sourceTree = "<group>"; };
		637308622ABF220F004B6A6F /* guess_it_tempUITestsLaunchTests.swift */ = {isa = PBXFileReference; lastKnownFileType = sourcecode.swift; path = guess_it_tempUITestsLaunchTests.swift; sourceTree = "<group>"; };
/* End PBXFileReference section */

/* Begin PBXFrameworksBuildPhase section */
		6373083E2ABF220E004B6A6F /* Frameworks */ = {
			isa = PBXFrameworksBuildPhase;
			buildActionMask = 2147483647;
			files = (
			);
			runOnlyForDeploymentPostprocessing = 0;
		};
		6373084F2ABF220F004B6A6F /* Frameworks */ = {
			isa = PBXFrameworksBuildPhase;
			buildActionMask = 2147483647;
			files = (
			);
			runOnlyForDeploymentPostprocessing = 0;
		};
		637308592ABF220F004B6A6F /* Frameworks */ = {
			isa = PBXFrameworksBuildPhase;
			buildActionMask = 2147483647;
			files = (
			);
			runOnlyForDeploymentPostprocessing = 0;
		};
/* End PBXFrameworksBuildPhase section */

/* Begin PBXGroup section */
		637308382ABF220E004B6A6F = {
			isa = PBXGroup;
			children = (
				637308432ABF220E004B6A6F /* guess it temp */,
				637308552ABF220F004B6A6F /* guess it tempTests */,
				6373085F2ABF220F004B6A6F /* guess it tempUITests */,
				637308422ABF220E004B6A6F /* Products */,
			);
			sourceTree = "<group>";
		};
		637308422ABF220E004B6A6F /* Products */ = {
			isa = PBXGroup;
			children = (
				637308412ABF220E004B6A6F /* guess it temp.app */,
				637308522ABF220F004B6A6F /* guess it tempTests.xctest */,
				6373085C2ABF220F004B6A6F /* guess it tempUITests.xctest */,
			);
			name = Products;
			sourceTree = "<group>";
		};
		637308432ABF220E004B6A6F /* guess it temp */ = {
			isa = PBXGroup;
			children = (
				637308442ABF220E004B6A6F /* guess_it_tempApp.swift */,
				637308462ABF220E004B6A6F /* ContentView.swift */,
				637308482ABF220F004B6A6F /* Assets.xcassets */,
				6373084A2ABF220F004B6A6F /* guess_it_temp.entitlements */,
				6373084B2ABF220F004B6A6F /* Preview Content */,
			);
			path = "guess it temp";
			sourceTree = "<group>";
		};
		6373084B2ABF220F004B6A6F /* Preview Content */ = {
			isa = PBXGroup;
			children = (
				6373084C2ABF220F004B6A6F /* Preview Assets.xcassets */,
			);
			path = "Preview Content";
			sourceTree = "<group>";
		};
		637308552ABF220F004B6A6F /* guess it tempTests */ = {
			isa = PBXGroup;
			children = (
				637308562ABF220F004B6A6F /* guess_it_tempTests.swift */,
			);
			path = "guess it tempTests";
			sourceTree = "<group>";
		};
		6373085F2ABF220F004B6A6F /* guess it tempUITests */ = {
			isa = PBXGroup;
			children = (
				637308602ABF220F004B6A6F /* guess_it_tempUITests.swift */,
				637308622ABF220F004B6A6F /* guess_it_tempUITestsLaunchTests.swift */,
			);
			path = "guess it tempUITests";
			sourceTree = "<group>";
		};
/* End PBXGroup section */

/* Begin PBXNativeTarget section */
		637308402ABF220E004B6A6F /* guess it temp */ = {
			isa = PBXNativeTarget;
			buildConfigurationList = 637308662ABF220F004B6A6F /* Build configuration list for PBXNativeTarget "guess it temp" */;
			buildPhases = (
				6373083D2ABF220E004B6A6F /* Sources */,
				6373083E2ABF220E004B6A6F /* Frameworks */,
				6373083F2ABF220E004B6A6F /* Resources */,
			);
			buildRules = (
			);
			dependencies = (
			);
			name = "guess it temp";
			productName = "guess it temp";
			productReference = 637308412ABF220E004B6A6F /* guess it temp.app */;
			productType = "com.apple.product-type.application";
		};
		637308512ABF220F004B6A6F /* guess it tempTests */ = {
			isa = PBXNativeTarget;
			buildConfigurationList = 637308692ABF220F004B6A6F /* Build configuration list for PBXNativeTarget "guess it tempTests" */;
			buildPhases = (
				6373084E2ABF220F004B6A6F /* Sources */,
				6373084F2ABF220F004B6A6F /* Frameworks */,
				637308502ABF220F004B6A6F /* Resources */,
			);
			buildRules = (
			);
			dependencies = (
				637308542ABF220F004B6A6F /* PBXTargetDependency */,
			);
			name = "guess it tempTests";
			productName = "guess it tempTests";
			productReference = 637308522ABF220F004B6A6F /* guess it tempTests.xctest */;
			productType = "com.apple.product-type.bundle.unit-test";
		};
		6373085B2ABF220F004B6A6F /* guess it tempUITests */ = {
			isa = PBXNativeTarget;
			buildConfigurationList = 6373086C2ABF220F004B6A6F /* Build configuration list for PBXNativeTarget "guess it tempUITests" */;
			buildPhases = (
				637308582ABF220F004B6A6F /* Sources */,
				637308592ABF220F004B6A6F /* Frameworks */,
				6373085A2ABF220F004B6A6F /* Resources */,
			);
			buildRules = (
			);
			dependencies = (
				6373085E2ABF220F004B6A6F /* PBXTargetDependency */,
			);
			name = "guess it tempUITests";
			productName = "guess it tempUITests";
			productReference = 6373085C2ABF220F004B6A6F /* guess it tempUITests.xctest */;
			productType = "com.apple.product-type.bundle.ui-testing";
		};
/* End PBXNativeTarget section */

/* Begin PBXProject section */
		637308392ABF220E004B6A6F /* Project object */ = {
			isa = PBXProject;
			attributes = {
				BuildIndependentTargetsInParallel = 1;
				LastSwiftUpdateCheck = 1430;
				LastUpgradeCheck = 1430;
				TargetAttributes = {
					637308402ABF220E004B6A6F = {
						CreatedOnToolsVersion = 14.3.1;
					};
					637308512ABF220F004B6A6F = {
						CreatedOnToolsVersion = 14.3.1;
						TestTargetID = 637308402ABF220E004B6A6F;
					};
					6373085B2ABF220F004B6A6F = {
						CreatedOnToolsVersion = 14.3.1;
						TestTargetID = 637308402ABF220E004B6A6F;
					};
				};
			};
			buildConfigurationList = 6373083C2ABF220E004B6A6F /* Build configuration list for PBXProject "guess it temp" */;
			compatibilityVersion = "Xcode 14.0";
			developmentRegion = en;
			hasScannedForEncodings = 0;
			knownRegions = (
				en,
				Base,
			);
			mainGroup = 637308382ABF220E004B6A6F;
			productRefGroup = 637308422ABF220E004B6A6F /* Products */;
			projectDirPath = "";
			projectRoot = "";
			targets = (
				637308402ABF220E004B6A6F /* guess it temp */,
				637308512ABF220F004B6A6F /* guess it tempTests */,
				6373085B2ABF220F004B6A6F /* guess it tempUITests */,
			);
		};
/* End PBXProject section */

/* Begin PBXResourcesBuildPhase section */
		6373083F2ABF220E004B6A6F /* Resources */ = {
			isa = PBXResourcesBuildPhase;
			buildActionMask = 2147483647;
			files = (
				6373084D2ABF220F004B6A6F /* Preview Assets.xcassets in Resources */,
				637308492ABF220F004B6A6F /* Assets.xcassets in Resources */,
			);
			runOnlyForDeploymentPostprocessing = 0;
		};
		637308502ABF220F004B6A6F /* Resources */ = {
			isa = PBXResourcesBuildPhase;
			buildActionMask = 2147483647;
			files = (
			);
			runOnlyForDeploymentPostprocessing = 0;
		};
		6373085A2ABF220F004B6A6F /* Resources */ = {
			isa = PBXResourcesBuildPhase;
			buildActionMask = 2147483647;
			files = (
			);
			runOnlyForDeploymentPostprocessing = 0;
		};
/* End PBXResourcesBuildPhase section */

/* Begin PBXSourcesBuildPhase section */
		6373083D2ABF220E004B6A6F /* Sources */ = {
			isa = PBXSourcesBuildPhase;
			buildActionMask = 2147483647;
			files = (
				637308472ABF220E004B6A6F /* ContentView.swift in Sources */,
				637308452ABF220E004B6A6F /* guess_it_tempApp.swift in Sources */,
			);
			runOnlyForDeploymentPostprocessing = 0;
		};
		6373084E2ABF220F004B6A6F /* Sources */ = {
			isa = PBXSourcesBuildPhase;
			buildActionMask = 2147483647;
			files = (
				637308572ABF220F004B6A6F /* guess_it_tempTests.swift in Sources */,
			);
			runOnlyForDeploymentPostprocessing = 0;
		};
		637308582ABF220F004B6A6F /* Sources */ = {
			isa = PBXSourcesBuildPhase;
			buildActionMask = 2147483647;
			files = (
				637308612ABF220F004B6A6F /* guess_it_tempUITests.swift in Sources */,
				637308632ABF220F004B6A6F /* guess_it_tempUITestsLaunchTests.swift in Sources */,
			);
			runOnlyForDeploymentPostprocessing = 0;
		};
/* End PBXSourcesBuildPhase section */

/* Begin PBXTargetDependency section */
		637308542ABF220F004B6A6F /* PBXTargetDependency */ = {
			isa = PBXTargetDependency;
			target = 637308402ABF220E004B6A6F /* guess it temp */;
			targetProxy = 637308532ABF220F004B6A6F /* PBXContainerItemProxy */;
		};
		6373085E2ABF220F004B6A6F /* PBXTargetDependency */ = {
			isa = PBXTargetDependency;
			target = 637308402ABF220E004B6A6F /* guess it temp */;
			targetProxy = 6373085D2ABF220F004B6A6F /* PBXContainerItemProxy */;
		};
/* End PBXTargetDependency section */

/* Begin XCBuildConfiguration section */
		637308642ABF220F004B6A6F /* Debug */ = {
			isa = XCBuildConfiguration;
			buildSettings = {
				ALWAYS_SEARCH_USER_PATHS = NO;
				CLANG_ANALYZER_NONNULL = YES;
				CLANG_ANALYZER_NUMBER_OBJECT_CONVERSION = YES_AGGRESSIVE;
				CLANG_CXX_LANGUAGE_STANDARD = "gnu++20";
				CLANG_ENABLE_MODULES = YES;
				CLANG_ENABLE_OBJC_ARC = YES;
				CLANG_ENABLE_OBJC_WEAK = YES;
				CLANG_WARN_BLOCK_CAPTURE_AUTORELEASING = YES;
				CLANG_WARN_BOOL_CONVERSION = YES;
				CLANG_WARN_COMMA = YES;
				CLANG_WARN_CONSTANT_CONVERSION = YES;
				CLANG_WARN_DEPRECATED_OBJC_IMPLEMENTATIONS = YES;
				CLANG_WARN_DIRECT_OBJC_ISA_USAGE = YES_ERROR;
				CLANG_WARN_DOCUMENTATION_COMMENTS = YES;
				CLANG_WARN_EMPTY_BODY = YES;
				CLANG_WARN_ENUM_CONVERSION = YES;
				CLANG_WARN_INFINITE_RECURSION = YES;
				CLANG_WARN_INT_CONVERSION = YES;
				CLANG_WARN_NON_LITERAL_NULL_CONVERSION = YES;
				CLANG_WARN_OBJC_IMPLICIT_RETAIN_SELF = YES;
				CLANG_WARN_OBJC_LITERAL_CONVERSION = YES;
				CLANG_WARN_OBJC_ROOT_CLASS = YES_ERROR;
				CLANG_WARN_QUOTED_INCLUDE_IN_FRAMEWORK_HEADER = YES;
				CLANG_WARN_RANGE_LOOP_ANALYSIS = YES;
				CLANG_WARN_STRICT_PROTOTYPES = YES;
				CLANG_WARN_SUSPICIOUS_MOVE = YES;
				CLANG_WARN_UNGUARDED_AVAILABILITY = YES_AGGRESSIVE;
				CLANG_WARN_UNREACHABLE_CODE = YES;
				CLANG_WARN__DUPLICATE_METHOD_MATCH = YES;
				COPY_PHASE_STRIP = NO;
				DEBUG_INFORMATION_FORMAT = dwarf;
				ENABLE_STRICT_OBJC_MSGSEND = YES;
				ENABLE_TESTABILITY = YES;
				GCC_C_LANGUAGE_STANDARD = gnu11;
				GCC_DYNAMIC_NO_PIC = NO;
				GCC_NO_COMMON_BLOCKS = YES;
				GCC_OPTIMIZATION_LEVEL = 0;
				GCC_PREPROCESSOR_DEFINITIONS = (
					"DEBUG=1",
					"$(inherited)",
				);
				GCC_WARN_64_TO_32_BIT_CONVERSION = YES;
				GCC_WARN_ABOUT_RETURN_TYPE = YES_ERROR;
				GCC_WARN_UNDECLARED_SELECTOR = YES;
				GCC_WARN_UNINITIALIZED_AUTOS = YES_AGGRESSIVE;
				GCC_WARN_UNUSED_FUNCTION = YES;
				GCC_WARN_UNUSED_VARIABLE = YES;
				MTL_ENABLE_DEBUG_INFO = INCLUDE_SOURCE;
				MTL_FAST_MATH = YES;
				ONLY_ACTIVE_ARCH = YES;
				SWIFT_ACTIVE_COMPILATION_CONDITIONS = DEBUG;
				SWIFT_OPTIMIZATION_LEVEL = "-Onone";
			};
			name = Debug;
		};
		637308652ABF220F004B6A6F /* Release */ = {
			isa = XCBuildConfiguration;
			buildSettings = {
				ALWAYS_SEARCH_USER_PATHS = NO;
				CLANG_ANALYZER_NONNULL = YES;
				CLANG_ANALYZER_NUMBER_OBJECT_CONVERSION = YES_AGGRESSIVE;
				CLANG_CXX_LANGUAGE_STANDARD = "gnu++20";
				CLANG_ENABLE_MODULES = YES;
				CLANG_ENABLE_OBJC_ARC = YES;
				CLANG_ENABLE_OBJC_WEAK = YES;
				CLANG_WARN_BLOCK_CAPTURE_AUTORELEASING = YES;
				CLANG_WARN_BOOL_CONVERSION = YES;
				CLANG_WARN_COMMA = YES;
				CLANG_WARN_CONSTANT_CONVERSION = YES;
				CLANG_WARN_DEPRECATED_OBJC_IMPLEMENTATIONS = YES;
				CLANG_WARN_DIRECT_OBJC_ISA_USAGE = YES_ERROR;
				CLANG_WARN_DOCUMENTATION_COMMENTS = YES;
				CLANG_WARN_EMPTY_BODY = YES;
				CLANG_WARN_ENUM_CONVERSION = YES;
				CLANG_WARN_INFINITE_RECURSION = YES;
				CLANG_WARN_INT_CONVERSION = YES;
				CLANG_WARN_NON_LITERAL_NULL_CONVERSION = YES;
				CLANG_WARN_OBJC_IMPLICIT_RETAIN_SELF = YES;
				CLANG_WARN_OBJC_LITERAL_CONVERSION = YES;
				CLANG_WARN_OBJC_ROOT_CLASS = YES_ERROR;
				CLANG_WARN_QUOTED_INCLUDE_IN_FRAMEWORK_HEADER = YES;
				CLANG_WARN_RANGE_LOOP_ANALYSIS = YES;
				CLANG_WARN_STRICT_PROTOTYPES = YES;
				CLANG_WARN_SUSPICIOUS_MOVE = YES;
				CLANG_WARN_UNGUARDED_AVAILABILITY = YES_AGGRESSIVE;
				CLANG_WARN_UNREACHABLE_CODE = YES;
				CLANG_WARN__DUPLICATE_METHOD_MATCH = YES;
				COPY_PHASE_STRIP = NO;
				DEBUG_INFORMATION_FORMAT = "dwarf-with-dsym";
				ENABLE_NS_ASSERTIONS = NO;
				ENABLE_STRICT_OBJC_MSGSEND = YES;
				GCC_C_LANGUAGE_STANDARD = gnu11;
				GCC_NO_COMMON_BLOCKS = YES;
				GCC_WARN_64_TO_32_BIT_CONVERSION = YES;
				GCC_WARN_ABOUT_RETURN_TYPE = YES_ERROR;
				GCC_WARN_UNDECLARED_SELECTOR = YES;
				GCC_WARN_UNINITIALIZED_AUTOS = YES_AGGRESSIVE;
				GCC_WARN_UNUSED_FUNCTION = YES;
				GCC_WARN_UNUSED_VARIABLE = YES;
				MTL_ENABLE_DEBUG_INFO = NO;
				MTL_FAST_MATH = YES;
				SWIFT_COMPILATION_MODE = wholemodule;
				SWIFT_OPTIMIZATION_LEVEL = "-O";
			};
			name = Release;
		};
		637308672ABF220F004B6A6F /* Debug */ = {
			isa = XCBuildConfiguration;
			buildSettings = {
				ASSETCATALOG_COMPILER_APPICON_NAME = AppIcon;
				ASSETCATALOG_COMPILER_GLOBAL_ACCENT_COLOR_NAME = AccentColor;
				CODE_SIGN_ENTITLEMENTS = "guess it temp/guess_it_temp.entitlements";
				CODE_SIGN_STYLE = Automatic;
				CURRENT_PROJECT_VERSION = 1;
				DEVELOPMENT_ASSET_PATHS = "\"guess it temp/Preview Content\"";
				ENABLE_PREVIEWS = YES;
				GENERATE_INFOPLIST_FILE = YES;
				"INFOPLIST_KEY_UIApplicationSceneManifest_Generation[sdk=iphoneos*]" = YES;
				"INFOPLIST_KEY_UIApplicationSceneManifest_Generation[sdk=iphonesimulator*]" = YES;
				"INFOPLIST_KEY_UIApplicationSupportsIndirectInputEvents[sdk=iphoneos*]" = YES;
				"INFOPLIST_KEY_UIApplicationSupportsIndirectInputEvents[sdk=iphonesimulator*]" = YES;
				"INFOPLIST_KEY_UILaunchScreen_Generation[sdk=iphoneos*]" = YES;
				"INFOPLIST_KEY_UILaunchScreen_Generation[sdk=iphonesimulator*]" = YES;
				"INFOPLIST_KEY_UIStatusBarStyle[sdk=iphoneos*]" = UIStatusBarStyleDefault;
				"INFOPLIST_KEY_UIStatusBarStyle[sdk=iphonesimulator*]" = UIStatusBarStyleDefault;
				INFOPLIST_KEY_UISupportedInterfaceOrientations_iPad = "UIInterfaceOrientationPortrait UIInterfaceOrientationPortraitUpsideDown UIInterfaceOrientationLandscapeLeft UIInterfaceOrientationLandscapeRight";
				INFOPLIST_KEY_UISupportedInterfaceOrientations_iPhone = "UIInterfaceOrientationPortrait UIInterfaceOrientationLandscapeLeft UIInterfaceOrientationLandscapeRight";
				IPHONEOS_DEPLOYMENT_TARGET = 16.4;
				LD_RUNPATH_SEARCH_PATHS = "@executable_path/Frameworks";
				"LD_RUNPATH_SEARCH_PATHS[sdk=macosx*]" = "@executable_path/../Frameworks";
				MACOSX_DEPLOYMENT_TARGET = 13.3;
				MARKETING_VERSION = 1.0;
				PRODUCT_BUNDLE_IDENTIFIER = "mySquad.guess-it-temp";
				PRODUCT_NAME = "$(TARGET_NAME)";
				SDKROOT = auto;
				SUPPORTED_PLATFORMS = "iphoneos iphonesimulator macosx";
				SWIFT_EMIT_LOC_STRINGS = YES;
				SWIFT_VERSION = 5.0;
				TARGETED_DEVICE_FAMILY = "1,2";
			};
			name = Debug;
		};
		637308682ABF220F004B6A6F /* Release */ = {
			isa = XCBuildConfiguration;
			buildSettings = {
				ASSETCATALOG_COMPILER_APPICON_NAME = AppIcon;
				ASSETCATALOG_COMPILER_GLOBAL_ACCENT_COLOR_NAME = AccentColor;
				CODE_SIGN_ENTITLEMENTS = "guess it temp/guess_it_temp.entitlements";
				CODE_SIGN_STYLE = Automatic;
				CURRENT_PROJECT_VERSION = 1;
				DEVELOPMENT_ASSET_PATHS = "\"guess it temp/Preview Content\"";
				ENABLE_PREVIEWS = YES;
				GENERATE_INFOPLIST_FILE = YES;
				"INFOPLIST_KEY_UIApplicationSceneManifest_Generation[sdk=iphoneos*]" = YES;
				"INFOPLIST_KEY_UIApplicationSceneManifest_Generation[sdk=iphonesimulator*]" = YES;
				"INFOPLIST_KEY_UIApplicationSupportsIndirectInputEvents[sdk=iphoneos*]" = YES;
				"INFOPLIST_KEY_UIApplicationSupportsIndirectInputEvents[sdk=iphonesimulator*]" = YES;
				"INFOPLIST_KEY_UILaunchScreen_Generation[sdk=iphoneos*]" = YES;
				"INFOPLIST_KEY_UILaunchScreen_Generation[sdk=iphonesimulator*]" = YES;
				"INFOPLIST_KEY_UIStatusBarStyle[sdk=iphoneos*]" = UIStatusBarStyleDefault;
				"INFOPLIST_KEY_UIStatusBarStyle[sdk=iphonesimulator*]" = UIStatusBarStyleDefault;
				INFOPLIST_KEY_UISupportedInterfaceOrientations_iPad = "UIInterfaceOrientationPortrait UIInterfaceOrientationPortraitUpsideDown UIInterfaceOrientationLandscapeLeft UIInterfaceOrientationLandscapeRight";
				INFOPLIST_KEY_UISupportedInterfaceOrientations_iPhone = "UIInterfaceOrientationPortrait UIInterfaceOrientationLandscapeLeft UIInterfaceOrientationLandscapeRight";
				IPHONEOS_DEPLOYMENT_TARGET = 16.4;
				LD_RUNPATH_SEARCH_PATHS = "@executable_path/Frameworks";
				"LD_RUNPATH_SEARCH_PATHS[sdk=macosx*]" = "@executable_path/../Frameworks";
				MACOSX_DEPLOYMENT_TARGET = 13.3;
				MARKETING_VERSION = 1.0;
				PRODUCT_BUNDLE_IDENTIFIER = "mySquad.guess-it-temp";
				PRODUCT_NAME = "$(TARGET_NAME)";
				SDKROOT = auto;
				SUPPORTED_PLATFORMS = "iphoneos iphonesimulator macosx";
				SWIFT_EMIT_LOC_STRINGS = YES;
				SWIFT_VERSION = 5.0;
				TARGETED_DEVICE_FAMILY = "1,2";
			};
			name = Release;
		};
		6373086A2ABF220F004B6A6F /* Debug */ = {
			isa = XCBuildConfiguration;
			buildSettings = {
				ALWAYS_EMBED_SWIFT_STANDARD_LIBRARIES = YES;
				BUNDLE_LOADER = "$(TEST_HOST)";
				CODE_SIGN_STYLE = Automatic;
				CURRENT_PROJECT_VERSION = 1;
				GENERATE_INFOPLIST_FILE = YES;
				IPHONEOS_DEPLOYMENT_TARGET = 16.4;
				MACOSX_DEPLOYMENT_TARGET = 13.3;
				MARKETING_VERSION = 1.0;
				PRODUCT_BUNDLE_IDENTIFIER = "mySquad.guess-it-tempTests";
				PRODUCT_NAME = "$(TARGET_NAME)";
				SDKROOT = auto;
				SUPPORTED_PLATFORMS = "iphoneos iphonesimulator macosx";
				SWIFT_EMIT_LOC_STRINGS = NO;
				SWIFT_VERSION = 5.0;
				TARGETED_DEVICE_FAMILY = "1,2";
				TEST_HOST = "$(BUILT_PRODUCTS_DIR)/guess it temp.app/$(BUNDLE_EXECUTABLE_FOLDER_PATH)/guess it temp";
			};
			name = Debug;
		};
		6373086B2ABF220F004B6A6F /* Release */ = {
			isa = XCBuildConfiguration;
			buildSettings = {
				ALWAYS_EMBED_SWIFT_STANDARD_LIBRARIES = YES;
				BUNDLE_LOADER = "$(TEST_HOST)";
				CODE_SIGN_STYLE = Automatic;
				CURRENT_PROJECT_VERSION = 1;
				GENERATE_INFOPLIST_FILE = YES;
				IPHONEOS_DEPLOYMENT_TARGET = 16.4;
				MACOSX_DEPLOYMENT_TARGET = 13.3;
				MARKETING_VERSION = 1.0;
				PRODUCT_BUNDLE_IDENTIFIER = "mySquad.guess-it-tempTests";
				PRODUCT_NAME = "$(TARGET_NAME)";
				SDKROOT = auto;
				SUPPORTED_PLATFORMS = "iphoneos iphonesimulator macosx";
				SWIFT_EMIT_LOC_STRINGS = NO;
				SWIFT_VERSION = 5.0;
				TARGETED_DEVICE_FAMILY = "1,2";
				TEST_HOST = "$(BUILT_PRODUCTS_DIR)/guess it temp.app/$(BUNDLE_EXECUTABLE_FOLDER_PATH)/guess it temp";
			};
			name = Release;
		};
		6373086D2ABF220F004B6A6F /* Debug */ = {
			isa = XCBuildConfiguration;
			buildSettings = {
				ALWAYS_EMBED_SWIFT_STANDARD_LIBRARIES = YES;
				CODE_SIGN_STYLE = Automatic;
				CURRENT_PROJECT_VERSION = 1;
				GENERATE_INFOPLIST_FILE = YES;
				IPHONEOS_DEPLOYMENT_TARGET = 16.4;
				MACOSX_DEPLOYMENT_TARGET = 13.3;
				MARKETING_VERSION = 1.0;
				PRODUCT_BUNDLE_IDENTIFIER = "mySquad.guess-it-tempUITests";
				PRODUCT_NAME = "$(TARGET_NAME)";
				SDKROOT = auto;
				SUPPORTED_PLATFORMS = "iphoneos iphonesimulator macosx";
				SWIFT_EMIT_LOC_STRINGS = NO;
				SWIFT_VERSION = 5.0;
				TARGETED_DEVICE_FAMILY = "1,2";
				TEST_TARGET_NAME = "guess it temp";
			};
			name = Debug;
		};
		6373086E2ABF220F004B6A6F /* Release */ = {
			isa = XCBuildConfiguration;
			buildSettings = {
				ALWAYS_EMBED_SWIFT_STANDARD_LIBRARIES = YES;
				CODE_SIGN_STYLE = Automatic;
				CURRENT_PROJECT_VERSION = 1;
				GENERATE_INFOPLIST_FILE = YES;
				IPHONEOS_DEPLOYMENT_TARGET = 16.4;
				MACOSX_DEPLOYMENT_TARGET = 13.3;
				MARKETING_VERSION = 1.0;
				PRODUCT_BUNDLE_IDENTIFIER = "mySquad.guess-it-tempUITests";
				PRODUCT_NAME = "$(TARGET_NAME)";
				SDKROOT = auto;
				SUPPORTED_PLATFORMS = "iphoneos iphonesimulator macosx";
				SWIFT_EMIT_LOC_STRINGS = NO;
				SWIFT_VERSION = 5.0;
				TARGETED_DEVICE_FAMILY = "1,2";
				TEST_TARGET_NAME = "guess it temp";
			};
			name = Release;
		};
/* End XCBuildConfiguration section */

/* Begin XCConfigurationList section */
		6373083C2ABF220E004B6A6F /* Build configuration list for PBXProject "guess it temp" */ = {
			isa = XCConfigurationList;
			buildConfigurations = (
				637308642ABF220F004B6A6F /* Debug */,
				637308652ABF220F004B6A6F /* Release */,
			);
			defaultConfigurationIsVisible = 0;
			defaultConfigurationName = Release;
		};
		637308662ABF220F004B6A6F /* Build configuration list for PBXNativeTarget "guess it temp" */ = {
			isa = XCConfigurationList;
			buildConfigurations = (
				637308672ABF220F004B6A6F /* Debug */,
				637308682ABF220F004B6A6F /* Release */,
			);
			defaultConfigurationIsVisible = 0;
			defaultConfigurationName = Release;
		};
		637308692ABF220F004B6A6F /* Build configuration list for PBXNativeTarget "guess it tempTests" */ = {
			isa = XCConfigurationList;
			buildConfigurations = (
				6373086A2ABF220F004B6A6F /* Debug */,
				6373086B2ABF220F004B6A6F /* Release */,
			);
			defaultConfigurationIsVisible = 0;
			defaultConfigurationName = Release;
		};
		6373086C2ABF220F004B6A6F /* Build configuration list for PBXNativeTarget "guess it tempUITests" */ = {
			isa = XCConfigurationList;
			buildConfigurations = (
				6373086D2ABF220F004B6A6F /* Debug */,
				6373086E2ABF220F004B6A6F /* Release */,
			);
			defaultConfigurationIsVisible = 0;
			defaultConfigurationName = Release;
		};
/* End XCConfigurationList section */
	};
	rootObject = 637308392ABF220E004B6A6F /* Project object */;
}
